{
  "object": {
    "pins": [
      {
        "package": "swift-se0270-range-set",
        "repositoryURL": "https://github.com/apple/swift-se0270-range-set",
        "state": {
          "branch": null,
          "revision": "120fc7efe17b11f7eedd94e7a5e1885fc69efb49",
          "version": "1.0.0"
        }
      }
    ]
  },
  "version": 1
}
