{
  "object": {
    "pins": [
      {
        "package": "Checkit",
        "repositoryURL": "https://github.com/karwa/swift-checkit.git",
        "state": {
          "branch": null,
          "revision": "f2b91bd4ec068a0ab8a73051c0077d1e1b614b43",
          "version": "0.0.2"
        }
      }
    ]
  },
  "version": 1
}
