{
  "object": {
    "pins": [
      {
        "package": "Checkit",
        "repositoryURL": "https://github.com/karwa/swift-checkit.git",
        "state": {
          "branch": null,
          "revision": "d6a3380bb939df0fddbaee1f7f32dc1b50d518c8",
          "version": "0.0.1"
        }
      }
    ]
  },
  "version": 1
}
